
Microsoft Visual Studio Solution File, Format Version 12.00
# Visual Studio Version 16
VisualStudioVersion = 16.0.31105.61
MinimumVisualStudioVersion = 10.0.40219.1
Project("{FAE04EC0-301F-11D3-BF4B-00C04F79EFBC}") = "WpfGame", "WpfGame\WpfGame.csproj", "{C6D45297-863C-4982-BC88-71D0E5155F82}"
EndProject
Project("{FAE04EC0-301F-11D3-BF4B-00C04F79EFBC}") = "Game", "Game\Game.csproj", "{B1B6E5FD-9E72-46D8-96E3-A493B1AF41ED}"
EndProject
Global
	GlobalSection(SolutionConfigurationPlatforms) = preSolution
		Debug|Any CPU = Debug|Any CPU
		Release|Any CPU = Release|Any CPU
	EndGlobalSection
	GlobalSection(ProjectConfigurationPlatforms) = postSolution
		{C6D45297-863C-4982-BC88-71D0E5155F82}.Debug|Any CPU.ActiveCfg = Debug|Any CPU
		{C6D45297-863C-4982-BC88-71D0E5155F82}.Debug|Any CPU.Build.0 = Debug|Any CPU
		{C6D45297-863C-4982-BC88-71D0E5155F82}.Release|Any CPU.ActiveCfg = Release|Any CPU
		{C6D45297-863C-4982-BC88-71D0E5155F82}.Release|Any CPU.Build.0 = Release|Any CPU
		{B1B6E5FD-9E72-46D8-96E3-A493B1AF41ED}.Debug|Any CPU.ActiveCfg = Debug|Any CPU
		{B1B6E5FD-9E72-46D8-96E3-A493B1AF41ED}.Debug|Any CPU.Build.0 = Debug|Any CPU
		{B1B6E5FD-9E72-46D8-96E3-A493B1AF41ED}.Release|Any CPU.ActiveCfg = Release|Any CPU
		{B1B6E5FD-9E72-46D8-96E3-A493B1AF41ED}.Release|Any CPU.Build.0 = Release|Any CPU
	EndGlobalSection
	GlobalSection(SolutionProperties) = preSolution
		HideSolutionNode = FALSE
	EndGlobalSection
	GlobalSection(ExtensibilityGlobals) = postSolution
		SolutionGuid = {BE2C0416-A247-4CF0-9F2D-CE649169317F}
	EndGlobalSection
EndGlobal
